// !$*UTF8*$!
{
	archiveVersion = 1;
	classes = {
	};
	objectVersion = 48;
	objects = {

/* Begin PBXBuildFile section */
		265326811BB38FF9618BC3B2 /* Pods_TriHealth.framework in Frameworks */ = {isa = PBXBuildFile; fileRef = C4FEEE7D8591F64E55D46CF1 /* Pods_TriHealth.framework */; };
		3D7FDECC202A34DE005537F4 /* AppDelegate.swift in Sources */ = {isa = PBXBuildFile; fileRef = 3D7FDECB202A34DE005537F4 /* AppDelegate.swift */; };
		3D7FDECE202A34DE005537F4 /* HydrationViewController.swift in Sources */ = {isa = PBXBuildFile; fileRef = 3D7FDECD202A34DE005537F4 /* HydrationViewController.swift */; };
		3D7FDED1202A34DE005537F4 /* Main.storyboard in Resources */ = {isa = PBXBuildFile; fileRef = 3D7FDECF202A34DE005537F4 /* Main.storyboard */; };
		3D7FDED3202A34DE005537F4 /* Assets.xcassets in Resources */ = {isa = PBXBuildFile; fileRef = 3D7FDED2202A34DE005537F4 /* Assets.xcassets */; };
		3D7FDEE1202A34DE005537F4 /* TriHealthTests.swift in Sources */ = {isa = PBXBuildFile; fileRef = 3D7FDEE0202A34DE005537F4 /* TriHealthTests.swift */; };
		3D7FDEEC202A34DE005537F4 /* TriHealthUITests.swift in Sources */ = {isa = PBXBuildFile; fileRef = 3D7FDEEB202A34DE005537F4 /* TriHealthUITests.swift */; };
		880E37E4204733EB0095DD90 /* SignInViewController.swift in Sources */ = {isa = PBXBuildFile; fileRef = 880E37E3204733EB0095DD90 /* SignInViewController.swift */; };
		880E37E6204734060095DD90 /* ProfileViewController.swift in Sources */ = {isa = PBXBuildFile; fileRef = 880E37E5204734060095DD90 /* ProfileViewController.swift */; };
		A3CBDEBA2048712E006D4AB4 /* AddFoodViewController.swift in Sources */ = {isa = PBXBuildFile; fileRef = A3CBDEB92048712E006D4AB4 /* AddFoodViewController.swift */; };
		A3CBDEBC2051B4F8006D4AB4 /* Info.plist in Resources */ = {isa = PBXBuildFile; fileRef = A3CBDEBB2051B4F8006D4AB4 /* Info.plist */; };
		A3CBDEBE205317E7006D4AB4 /* GoogleService-Info.plist in Resources */ = {isa = PBXBuildFile; fileRef = A3CBDEBD205317E7006D4AB4 /* GoogleService-Info.plist */; };
/* End PBXBuildFile section */

/* Begin PBXContainerItemProxy section */
		3D7FDEDD202A34DE005537F4 /* PBXContainerItemProxy */ = {
			isa = PBXContainerItemProxy;
			containerPortal = 3D7FDEC0202A34DD005537F4 /* Project object */;
			proxyType = 1;
			remoteGlobalIDString = 3D7FDEC7202A34DE005537F4;
			remoteInfo = TriHealth;
		};
		3D7FDEE8202A34DE005537F4 /* PBXContainerItemProxy */ = {
			isa = PBXContainerItemProxy;
			containerPortal = 3D7FDEC0202A34DD005537F4 /* Project object */;
			proxyType = 1;
			remoteGlobalIDString = 3D7FDEC7202A34DE005537F4;
			remoteInfo = TriHealth;
		};
/* End PBXContainerItemProxy section */

/* Begin PBXFileReference section */
		3D7FDEC8202A34DE005537F4 /* TriHealth.app */ = {isa = PBXFileReference; explicitFileType = wrapper.application; includeInIndex = 0; path = TriHealth.app; sourceTree = BUILT_PRODUCTS_DIR; };
		3D7FDECB202A34DE005537F4 /* AppDelegate.swift */ = {isa = PBXFileReference; lastKnownFileType = sourcecode.swift; path = AppDelegate.swift; sourceTree = "<group>"; };
		3D7FDECD202A34DE005537F4 /* HydrationViewController.swift */ = {isa = PBXFileReference; lastKnownFileType = sourcecode.swift; path = HydrationViewController.swift; sourceTree = "<group>"; };
		3D7FDED0202A34DE005537F4 /* Base */ = {isa = PBXFileReference; lastKnownFileType = file.storyboard; name = Base; path = Base.lproj/Main.storyboard; sourceTree = "<group>"; };
		3D7FDED2202A34DE005537F4 /* Assets.xcassets */ = {isa = PBXFileReference; lastKnownFileType = folder.assetcatalog; path = Assets.xcassets; sourceTree = "<group>"; };
		3D7FDEDC202A34DE005537F4 /* TriHealthTests.xctest */ = {isa = PBXFileReference; explicitFileType = wrapper.cfbundle; includeInIndex = 0; path = TriHealthTests.xctest; sourceTree = BUILT_PRODUCTS_DIR; };
		3D7FDEE0202A34DE005537F4 /* TriHealthTests.swift */ = {isa = PBXFileReference; lastKnownFileType = sourcecode.swift; path = TriHealthTests.swift; sourceTree = "<group>"; };
		3D7FDEE2202A34DE005537F4 /* Info.plist */ = {isa = PBXFileReference; lastKnownFileType = text.plist.xml; path = Info.plist; sourceTree = "<group>"; };
		3D7FDEE7202A34DE005537F4 /* TriHealthUITests.xctest */ = {isa = PBXFileReference; explicitFileType = wrapper.cfbundle; includeInIndex = 0; path = TriHealthUITests.xctest; sourceTree = BUILT_PRODUCTS_DIR; };
		3D7FDEEB202A34DE005537F4 /* TriHealthUITests.swift */ = {isa = PBXFileReference; lastKnownFileType = sourcecode.swift; path = TriHealthUITests.swift; sourceTree = "<group>"; };
		3D7FDEED202A34DE005537F4 /* Info.plist */ = {isa = PBXFileReference; lastKnownFileType = text.plist.xml; path = Info.plist; sourceTree = "<group>"; };
		46B4DBA1417451747B89C6E1 /* Pods_TriHealthUITests.framework */ = {isa = PBXFileReference; explicitFileType = wrapper.framework; includeInIndex = 0; path = Pods_TriHealthUITests.framework; sourceTree = BUILT_PRODUCTS_DIR; };
		5DD66F67E4C4BF1B2E6D489F /* Pods-TriHealth.debug.xcconfig */ = {isa = PBXFileReference; includeInIndex = 1; lastKnownFileType = text.xcconfig; name = "Pods-TriHealth.debug.xcconfig"; path = "Pods/Target Support Files/Pods-TriHealth/Pods-TriHealth.debug.xcconfig"; sourceTree = "<group>"; };
		7AE109267E0CDB6B4C8ACE63 /* Pods_TriHealthTests.framework */ = {isa = PBXFileReference; explicitFileType = wrapper.framework; includeInIndex = 0; path = Pods_TriHealthTests.framework; sourceTree = BUILT_PRODUCTS_DIR; };
		880E37E3204733EB0095DD90 /* SignInViewController.swift */ = {isa = PBXFileReference; lastKnownFileType = sourcecode.swift; path = SignInViewController.swift; sourceTree = "<group>"; };
		880E37E5204734060095DD90 /* ProfileViewController.swift */ = {isa = PBXFileReference; lastKnownFileType = sourcecode.swift; path = ProfileViewController.swift; sourceTree = "<group>"; };
		974CF4A81C4C7A0DA9929085 /* Pods-TriHealth.release.xcconfig */ = {isa = PBXFileReference; includeInIndex = 1; lastKnownFileType = text.xcconfig; name = "Pods-TriHealth.release.xcconfig"; path = "Pods/Target Support Files/Pods-TriHealth/Pods-TriHealth.release.xcconfig"; sourceTree = "<group>"; };
		A3CBDEB92048712E006D4AB4 /* AddFoodViewController.swift */ = {isa = PBXFileReference; lastKnownFileType = sourcecode.swift; path = AddFoodViewController.swift; sourceTree = "<group>"; };
		A3CBDEBB2051B4F8006D4AB4 /* Info.plist */ = {isa = PBXFileReference; fileEncoding = 4; lastKnownFileType = text.plist.xml; path = Info.plist; sourceTree = "<group>"; };
		A3CBDEBD205317E7006D4AB4 /* GoogleService-Info.plist */ = {isa = PBXFileReference; fileEncoding = 4; lastKnownFileType = text.plist.xml; name = "GoogleService-Info.plist"; path = "../../../../../GoogleService-Info.plist"; sourceTree = "<group>"; };
		C4FEEE7D8591F64E55D46CF1 /* Pods_TriHealth.framework */ = {isa = PBXFileReference; explicitFileType = wrapper.framework; includeInIndex = 0; path = Pods_TriHealth.framework; sourceTree = BUILT_PRODUCTS_DIR; };
/* End PBXFileReference section */

/* Begin PBXFrameworksBuildPhase section */
		3D7FDEC5202A34DE005537F4 /* Frameworks */ = {
			isa = PBXFrameworksBuildPhase;
			buildActionMask = 2147483647;
			files = (
				265326811BB38FF9618BC3B2 /* Pods_TriHealth.framework in Frameworks */,
			);
			runOnlyForDeploymentPostprocessing = 0;
		};
		3D7FDED9202A34DE005537F4 /* Frameworks */ = {
			isa = PBXFrameworksBuildPhase;
			buildActionMask = 2147483647;
			files = (
			);
			runOnlyForDeploymentPostprocessing = 0;
		};
		3D7FDEE4202A34DE005537F4 /* Frameworks */ = {
			isa = PBXFrameworksBuildPhase;
			buildActionMask = 2147483647;
			files = (
			);
			runOnlyForDeploymentPostprocessing = 0;
		};
/* End PBXFrameworksBuildPhase section */

/* Begin PBXGroup section */
		0FD3A63F4F3A37E491F05685 /* Frameworks */ = {
			isa = PBXGroup;
			children = (
				C4FEEE7D8591F64E55D46CF1 /* Pods_TriHealth.framework */,
				7AE109267E0CDB6B4C8ACE63 /* Pods_TriHealthTests.framework */,
				46B4DBA1417451747B89C6E1 /* Pods_TriHealthUITests.framework */,
			);
			name = Frameworks;
			sourceTree = "<group>";
		};
		3D7FDEBF202A34DD005537F4 = {
			isa = PBXGroup;
			children = (
				3D7FDECA202A34DE005537F4 /* TriHealth */,
				3D7FDEDF202A34DE005537F4 /* TriHealthTests */,
				3D7FDEEA202A34DE005537F4 /* TriHealthUITests */,
				3D7FDEC9202A34DE005537F4 /* Products */,
				BECA94C057022DE1067317E5 /* Pods */,
				0FD3A63F4F3A37E491F05685 /* Frameworks */,
			);
			sourceTree = "<group>";
		};
		3D7FDEC9202A34DE005537F4 /* Products */ = {
			isa = PBXGroup;
			children = (
				3D7FDEC8202A34DE005537F4 /* TriHealth.app */,
				3D7FDEDC202A34DE005537F4 /* TriHealthTests.xctest */,
				3D7FDEE7202A34DE005537F4 /* TriHealthUITests.xctest */,
			);
			name = Products;
			sourceTree = "<group>";
		};
		3D7FDECA202A34DE005537F4 /* TriHealth */ = {
			isa = PBXGroup;
			children = (
				3D7FDECB202A34DE005537F4 /* AppDelegate.swift */,
				3D7FDECD202A34DE005537F4 /* HydrationViewController.swift */,
				3D7FDECF202A34DE005537F4 /* Main.storyboard */,
				A3CBDEB92048712E006D4AB4 /* AddFoodViewController.swift */,
				880E37E3204733EB0095DD90 /* SignInViewController.swift */,
				880E37E5204734060095DD90 /* ProfileViewController.swift */,
				3D7FDED2202A34DE005537F4 /* Assets.xcassets */,
				A3CBDEBB2051B4F8006D4AB4 /* Info.plist */,
				A3CBDEBD205317E7006D4AB4 /* GoogleService-Info.plist */,
			);
			path = TriHealth;
			sourceTree = "<group>";
		};
		3D7FDEDF202A34DE005537F4 /* TriHealthTests */ = {
			isa = PBXGroup;
			children = (
				3D7FDEE0202A34DE005537F4 /* TriHealthTests.swift */,
				3D7FDEE2202A34DE005537F4 /* Info.plist */,
			);
			path = TriHealthTests;
			sourceTree = "<group>";
		};
		3D7FDEEA202A34DE005537F4 /* TriHealthUITests */ = {
			isa = PBXGroup;
			children = (
				3D7FDEEB202A34DE005537F4 /* TriHealthUITests.swift */,
				3D7FDEED202A34DE005537F4 /* Info.plist */,
			);
			path = TriHealthUITests;
			sourceTree = "<group>";
		};
		BECA94C057022DE1067317E5 /* Pods */ = {
			isa = PBXGroup;
			children = (
				5DD66F67E4C4BF1B2E6D489F /* Pods-TriHealth.debug.xcconfig */,
				974CF4A81C4C7A0DA9929085 /* Pods-TriHealth.release.xcconfig */,
			);
			name = Pods;
			sourceTree = "<group>";
		};
/* End PBXGroup section */

/* Begin PBXNativeTarget section */
		3D7FDEC7202A34DE005537F4 /* TriHealth */ = {
			isa = PBXNativeTarget;
			buildConfigurationList = 3D7FDEF0202A34DE005537F4 /* Build configuration list for PBXNativeTarget "TriHealth" */;
			buildPhases = (
				78E238789CD3AA88C669EA6C /* [CP] Check Pods Manifest.lock */,
				3D7FDEC4202A34DE005537F4 /* Sources */,
				3D7FDEC5202A34DE005537F4 /* Frameworks */,
				3D7FDEC6202A34DE005537F4 /* Resources */,
				A666C0BFC448D2512E47EE16 /* [CP] Embed Pods Frameworks */,
				99A6C7E62AE9730116AD7030 /* [CP] Copy Pods Resources */,
			);
			buildRules = (
			);
			dependencies = (
			);
			name = TriHealth;
			productName = TriHealth;
			productReference = 3D7FDEC8202A34DE005537F4 /* TriHealth.app */;
			productType = "com.apple.product-type.application";
		};
		3D7FDEDB202A34DE005537F4 /* TriHealthTests */ = {
			isa = PBXNativeTarget;
			buildConfigurationList = 3D7FDEF3202A34DE005537F4 /* Build configuration list for PBXNativeTarget "TriHealthTests" */;
			buildPhases = (
				3D7FDED8202A34DE005537F4 /* Sources */,
				3D7FDED9202A34DE005537F4 /* Frameworks */,
				3D7FDEDA202A34DE005537F4 /* Resources */,
			);
			buildRules = (
			);
			dependencies = (
				3D7FDEDE202A34DE005537F4 /* PBXTargetDependency */,
			);
			name = TriHealthTests;
			productName = TriHealthTests;
			productReference = 3D7FDEDC202A34DE005537F4 /* TriHealthTests.xctest */;
			productType = "com.apple.product-type.bundle.unit-test";
		};
		3D7FDEE6202A34DE005537F4 /* TriHealthUITests */ = {
			isa = PBXNativeTarget;
			buildConfigurationList = 3D7FDEF6202A34DE005537F4 /* Build configuration list for PBXNativeTarget "TriHealthUITests" */;
			buildPhases = (
				3D7FDEE3202A34DE005537F4 /* Sources */,
				3D7FDEE4202A34DE005537F4 /* Frameworks */,
				3D7FDEE5202A34DE005537F4 /* Resources */,
			);
			buildRules = (
			);
			dependencies = (
				3D7FDEE9202A34DE005537F4 /* PBXTargetDependency */,
			);
			name = TriHealthUITests;
			productName = TriHealthUITests;
			productReference = 3D7FDEE7202A34DE005537F4 /* TriHealthUITests.xctest */;
			productType = "com.apple.product-type.bundle.ui-testing";
		};
/* End PBXNativeTarget section */

/* Begin PBXProject section */
		3D7FDEC0202A34DD005537F4 /* Project object */ = {
			isa = PBXProject;
			attributes = {
				LastSwiftUpdateCheck = 0920;
				LastUpgradeCheck = 0920;
				ORGANIZATIONNAME = "Lucy Ackerman";
				TargetAttributes = {
					3D7FDEC7202A34DE005537F4 = {
						CreatedOnToolsVersion = 9.2;
						ProvisioningStyle = Automatic;
					};
					3D7FDEDB202A34DE005537F4 = {
						CreatedOnToolsVersion = 9.2;
						ProvisioningStyle = Automatic;
						TestTargetID = 3D7FDEC7202A34DE005537F4;
					};
					3D7FDEE6202A34DE005537F4 = {
						CreatedOnToolsVersion = 9.2;
						ProvisioningStyle = Automatic;
						TestTargetID = 3D7FDEC7202A34DE005537F4;
					};
				};
			};
			buildConfigurationList = 3D7FDEC3202A34DD005537F4 /* Build configuration list for PBXProject "TriHealth" */;
			compatibilityVersion = "Xcode 8.0";
			developmentRegion = en;
			hasScannedForEncodings = 0;
			knownRegions = (
				en,
				Base,
			);
			mainGroup = 3D7FDEBF202A34DD005537F4;
			productRefGroup = 3D7FDEC9202A34DE005537F4 /* Products */;
			projectDirPath = "";
			projectRoot = "";
			targets = (
				3D7FDEC7202A34DE005537F4 /* TriHealth */,
				3D7FDEDB202A34DE005537F4 /* TriHealthTests */,
				3D7FDEE6202A34DE005537F4 /* TriHealthUITests */,
			);
		};
/* End PBXProject section */

/* Begin PBXResourcesBuildPhase section */
		3D7FDEC6202A34DE005537F4 /* Resources */ = {
			isa = PBXResourcesBuildPhase;
			buildActionMask = 2147483647;
			files = (
				A3CBDEBC2051B4F8006D4AB4 /* Info.plist in Resources */,
				3D7FDED3202A34DE005537F4 /* Assets.xcassets in Resources */,
				3D7FDED1202A34DE005537F4 /* Main.storyboard in Resources */,
				A3CBDEBE205317E7006D4AB4 /* GoogleService-Info.plist in Resources */,
			);
			runOnlyForDeploymentPostprocessing = 0;
		};
		3D7FDEDA202A34DE005537F4 /* Resources */ = {
			isa = PBXResourcesBuildPhase;
			buildActionMask = 2147483647;
			files = (
			);
			runOnlyForDeploymentPostprocessing = 0;
		};
		3D7FDEE5202A34DE005537F4 /* Resources */ = {
			isa = PBXResourcesBuildPhase;
			buildActionMask = 2147483647;
			files = (
			);
			runOnlyForDeploymentPostprocessing = 0;
		};
/* End PBXResourcesBuildPhase section */

/* Begin PBXShellScriptBuildPhase section */
		78E238789CD3AA88C669EA6C /* [CP] Check Pods Manifest.lock */ = {
			isa = PBXShellScriptBuildPhase;
			buildActionMask = 2147483647;
			files = (
			);
			inputPaths = (
				"${PODS_PODFILE_DIR_PATH}/Podfile.lock",
				"${PODS_ROOT}/Manifest.lock",
			);
			name = "[CP] Check Pods Manifest.lock";
			outputPaths = (
				"$(DERIVED_FILE_DIR)/Pods-TriHealth-checkManifestLockResult.txt",
			);
			runOnlyForDeploymentPostprocessing = 0;
			shellPath = /bin/sh;
			shellScript = "diff \"${PODS_PODFILE_DIR_PATH}/Podfile.lock\" \"${PODS_ROOT}/Manifest.lock\" > /dev/null\nif [ $? != 0 ] ; then\n    # print error to STDERR\n    echo \"error: The sandbox is not in sync with the Podfile.lock. Run 'pod install' or update your CocoaPods installation.\" >&2\n    exit 1\nfi\n# This output is used by Xcode 'outputs' to avoid re-running this script phase.\necho \"SUCCESS\" > \"${SCRIPT_OUTPUT_FILE_0}\"\n";
			showEnvVarsInLog = 0;
		};
		99A6C7E62AE9730116AD7030 /* [CP] Copy Pods Resources */ = {
			isa = PBXShellScriptBuildPhase;
			buildActionMask = 2147483647;
			files = (
			);
			inputPaths = (
			);
			name = "[CP] Copy Pods Resources";
			outputPaths = (
			);
			runOnlyForDeploymentPostprocessing = 0;
			shellPath = /bin/sh;
			shellScript = "\"${SRCROOT}/Pods/Target Support Files/Pods-TriHealth/Pods-TriHealth-resources.sh\"\n";
			showEnvVarsInLog = 0;
		};
		A666C0BFC448D2512E47EE16 /* [CP] Embed Pods Frameworks */ = {
			isa = PBXShellScriptBuildPhase;
			buildActionMask = 2147483647;
			files = (
			);
			inputPaths = (
				"${SRCROOT}/Pods/Target Support Files/Pods-TriHealth/Pods-TriHealth-frameworks.sh",
				"${BUILT_PRODUCTS_DIR}/GTMSessionFetcher/GTMSessionFetcher.framework",
				"${BUILT_PRODUCTS_DIR}/GoogleToolboxForMac/GoogleToolboxForMac.framework",
				"${BUILT_PRODUCTS_DIR}/leveldb-library/leveldb.framework",
				"${BUILT_PRODUCTS_DIR}/nanopb/nanopb.framework",
			);
			name = "[CP] Embed Pods Frameworks";
			outputPaths = (
				"${TARGET_BUILD_DIR}/${FRAMEWORKS_FOLDER_PATH}/GTMSessionFetcher.framework",
				"${TARGET_BUILD_DIR}/${FRAMEWORKS_FOLDER_PATH}/GoogleToolboxForMac.framework",
				"${TARGET_BUILD_DIR}/${FRAMEWORKS_FOLDER_PATH}/leveldb.framework",
				"${TARGET_BUILD_DIR}/${FRAMEWORKS_FOLDER_PATH}/nanopb.framework",
			);
			runOnlyForDeploymentPostprocessing = 0;
			shellPath = /bin/sh;
			shellScript = "\"${SRCROOT}/Pods/Target Support Files/Pods-TriHealth/Pods-TriHealth-frameworks.sh\"\n";
			showEnvVarsInLog = 0;
		};
/* End PBXShellScriptBuildPhase section */

/* Begin PBXSourcesBuildPhase section */
		3D7FDEC4202A34DE005537F4 /* Sources */ = {
			isa = PBXSourcesBuildPhase;
			buildActionMask = 2147483647;
			files = (
				A3CBDEBA2048712E006D4AB4 /* AddFoodViewController.swift in Sources */,
				3D7FDECE202A34DE005537F4 /* HydrationViewController.swift in Sources */,
				3D7FDECC202A34DE005537F4 /* AppDelegate.swift in Sources */,
				880E37E6204734060095DD90 /* ProfileViewController.swift in Sources */,
				880E37E4204733EB0095DD90 /* SignInViewController.swift in Sources */,
			);
			runOnlyForDeploymentPostprocessing = 0;
		};
		3D7FDED8202A34DE005537F4 /* Sources */ = {
			isa = PBXSourcesBuildPhase;
			buildActionMask = 2147483647;
			files = (
				3D7FDEE1202A34DE005537F4 /* TriHealthTests.swift in Sources */,
			);
			runOnlyForDeploymentPostprocessing = 0;
		};
		3D7FDEE3202A34DE005537F4 /* Sources */ = {
			isa = PBXSourcesBuildPhase;
			buildActionMask = 2147483647;
			files = (
				3D7FDEEC202A34DE005537F4 /* TriHealthUITests.swift in Sources */,
			);
			runOnlyForDeploymentPostprocessing = 0;
		};
/* End PBXSourcesBuildPhase section */

/* Begin PBXTargetDependency section */
		3D7FDEDE202A34DE005537F4 /* PBXTargetDependency */ = {
			isa = PBXTargetDependency;
			target = 3D7FDEC7202A34DE005537F4 /* TriHealth */;
			targetProxy = 3D7FDEDD202A34DE005537F4 /* PBXContainerItemProxy */;
		};
		3D7FDEE9202A34DE005537F4 /* PBXTargetDependency */ = {
			isa = PBXTargetDependency;
			target = 3D7FDEC7202A34DE005537F4 /* TriHealth */;
			targetProxy = 3D7FDEE8202A34DE005537F4 /* PBXContainerItemProxy */;
		};
/* End PBXTargetDependency section */

/* Begin PBXVariantGroup section */
		3D7FDECF202A34DE005537F4 /* Main.storyboard */ = {
			isa = PBXVariantGroup;
			children = (
				3D7FDED0202A34DE005537F4 /* Base */,
			);
			name = Main.storyboard;
			sourceTree = "<group>";
		};
/* End PBXVariantGroup section */

/* Begin XCBuildConfiguration section */
		3D7FDEEE202A34DE005537F4 /* Debug */ = {
			isa = XCBuildConfiguration;
			buildSettings = {
				ALWAYS_SEARCH_USER_PATHS = NO;
				CLANG_ANALYZER_NONNULL = YES;
				CLANG_ANALYZER_NUMBER_OBJECT_CONVERSION = YES_AGGRESSIVE;
				CLANG_CXX_LANGUAGE_STANDARD = "gnu++14";
				CLANG_CXX_LIBRARY = "libc++";
				CLANG_ENABLE_MODULES = YES;
				CLANG_ENABLE_OBJC_ARC = YES;
				CLANG_WARN_BLOCK_CAPTURE_AUTORELEASING = YES;
				CLANG_WARN_BOOL_CONVERSION = YES;
				CLANG_WARN_COMMA = YES;
				CLANG_WARN_CONSTANT_CONVERSION = YES;
				CLANG_WARN_DIRECT_OBJC_ISA_USAGE = YES_ERROR;
				CLANG_WARN_DOCUMENTATION_COMMENTS = YES;
				CLANG_WARN_EMPTY_BODY = YES;
				CLANG_WARN_ENUM_CONVERSION = YES;
				CLANG_WARN_INFINITE_RECURSION = YES;
				CLANG_WARN_INT_CONVERSION = YES;
				CLANG_WARN_NON_LITERAL_NULL_CONVERSION = YES;
				CLANG_WARN_OBJC_LITERAL_CONVERSION = YES;
				CLANG_WARN_OBJC_ROOT_CLASS = YES_ERROR;
				CLANG_WARN_RANGE_LOOP_ANALYSIS = YES;
				CLANG_WARN_STRICT_PROTOTYPES = YES;
				CLANG_WARN_SUSPICIOUS_MOVE = YES;
				CLANG_WARN_UNGUARDED_AVAILABILITY = YES_AGGRESSIVE;
				CLANG_WARN_UNREACHABLE_CODE = YES;
				CLANG_WARN__DUPLICATE_METHOD_MATCH = YES;
				CODE_SIGN_IDENTITY = "iPhone Developer";
				COPY_PHASE_STRIP = NO;
				DEBUG_INFORMATION_FORMAT = dwarf;
				ENABLE_STRICT_OBJC_MSGSEND = YES;
				ENABLE_TESTABILITY = YES;
				GCC_C_LANGUAGE_STANDARD = gnu11;
				GCC_DYNAMIC_NO_PIC = NO;
				GCC_NO_COMMON_BLOCKS = YES;
				GCC_OPTIMIZATION_LEVEL = 0;
				GCC_PREPROCESSOR_DEFINITIONS = (
					"DEBUG=1",
					"$(inherited)",
				);
				GCC_WARN_64_TO_32_BIT_CONVERSION = YES;
				GCC_WARN_ABOUT_RETURN_TYPE = YES_ERROR;
				GCC_WARN_UNDECLARED_SELECTOR = YES;
				GCC_WARN_UNINITIALIZED_AUTOS = YES_AGGRESSIVE;
				GCC_WARN_UNUSED_FUNCTION = YES;
				GCC_WARN_UNUSED_VARIABLE = YES;
				IPHONEOS_DEPLOYMENT_TARGET = 11.2;
				MTL_ENABLE_DEBUG_INFO = YES;
				ONLY_ACTIVE_ARCH = YES;
				SDKROOT = iphoneos;
				SWIFT_ACTIVE_COMPILATION_CONDITIONS = DEBUG;
				SWIFT_OPTIMIZATION_LEVEL = "-Onone";
			};
			name = Debug;
		};
		3D7FDEEF202A34DE005537F4 /* Release */ = {
			isa = XCBuildConfiguration;
			buildSettings = {
				ALWAYS_SEARCH_USER_PATHS = NO;
				CLANG_ANALYZER_NONNULL = YES;
				CLANG_ANALYZER_NUMBER_OBJECT_CONVERSION = YES_AGGRESSIVE;
				CLANG_CXX_LANGUAGE_STANDARD = "gnu++14";
				CLANG_CXX_LIBRARY = "libc++";
				CLANG_ENABLE_MODULES = YES;
				CLANG_ENABLE_OBJC_ARC = YES;
				CLANG_WARN_BLOCK_CAPTURE_AUTORELEASING = YES;
				CLANG_WARN_BOOL_CONVERSION = YES;
				CLANG_WARN_COMMA = YES;
				CLANG_WARN_CONSTANT_CONVERSION = YES;
				CLANG_WARN_DIRECT_OBJC_ISA_USAGE = YES_ERROR;
				CLANG_WARN_DOCUMENTATION_COMMENTS = YES;
				CLANG_WARN_EMPTY_BODY = YES;
				CLANG_WARN_ENUM_CONVERSION = YES;
				CLANG_WARN_INFINITE_RECURSION = YES;
				CLANG_WARN_INT_CONVERSION = YES;
				CLANG_WARN_NON_LITERAL_NULL_CONVERSION = YES;
				CLANG_WARN_OBJC_LITERAL_CONVERSION = YES;
				CLANG_WARN_OBJC_ROOT_CLASS = YES_ERROR;
				CLANG_WARN_RANGE_LOOP_ANALYSIS = YES;
				CLANG_WARN_STRICT_PROTOTYPES = YES;
				CLANG_WARN_SUSPICIOUS_MOVE = YES;
				CLANG_WARN_UNGUARDED_AVAILABILITY = YES_AGGRESSIVE;
				CLANG_WARN_UNREACHABLE_CODE = YES;
				CLANG_WARN__DUPLICATE_METHOD_MATCH = YES;
				CODE_SIGN_IDENTITY = "iPhone Developer";
				COPY_PHASE_STRIP = NO;
				DEBUG_INFORMATION_FORMAT = "dwarf-with-dsym";
				ENABLE_NS_ASSERTIONS = NO;
				ENABLE_STRICT_OBJC_MSGSEND = YES;
				GCC_C_LANGUAGE_STANDARD = gnu11;
				GCC_NO_COMMON_BLOCKS = YES;
				GCC_WARN_64_TO_32_BIT_CONVERSION = YES;
				GCC_WARN_ABOUT_RETURN_TYPE = YES_ERROR;
				GCC_WARN_UNDECLARED_SELECTOR = YES;
				GCC_WARN_UNINITIALIZED_AUTOS = YES_AGGRESSIVE;
				GCC_WARN_UNUSED_FUNCTION = YES;
				GCC_WARN_UNUSED_VARIABLE = YES;
				IPHONEOS_DEPLOYMENT_TARGET = 11.2;
				MTL_ENABLE_DEBUG_INFO = NO;
				SDKROOT = iphoneos;
				SWIFT_OPTIMIZATION_LEVEL = "-Owholemodule";
				VALIDATE_PRODUCT = YES;
			};
			name = Release;
		};
		3D7FDEF1202A34DE005537F4 /* Debug */ = {
			isa = XCBuildConfiguration;
			baseConfigurationReference = 5DD66F67E4C4BF1B2E6D489F /* Pods-TriHealth.debug.xcconfig */;
			buildSettings = {
				ASSETCATALOG_COMPILER_APPICON_NAME = AppIcon;
				CODE_SIGN_STYLE = Automatic;
				INFOPLIST_FILE = "$(SRCROOT)/TriHealth/Info.plist";
				LD_RUNPATH_SEARCH_PATHS = "$(inherited) @executable_path/Frameworks";
				PRODUCT_BUNDLE_IDENTIFIER = lakeisdeCS.TriHealth;
				PRODUCT_NAME = "$(TARGET_NAME)";
				SWIFT_VERSION = 4.0;
				TARGETED_DEVICE_FAMILY = "1,2";
			};
			name = Debug;
		};
		3D7FDEF2202A34DE005537F4 /* Release */ = {
			isa = XCBuildConfiguration;
			baseConfigurationReference = 974CF4A81C4C7A0DA9929085 /* Pods-TriHealth.release.xcconfig */;
			buildSettings = {
				ASSETCATALOG_COMPILER_APPICON_NAME = AppIcon;
				CODE_SIGN_STYLE = Automatic;
				INFOPLIST_FILE = "$(SRCROOT)/TriHealth/Info.plist";
				LD_RUNPATH_SEARCH_PATHS = "$(inherited) @executable_path/Frameworks";
				PRODUCT_BUNDLE_IDENTIFIER = lakeisdeCS.TriHealth;
				PRODUCT_NAME = "$(TARGET_NAME)";
				SWIFT_VERSION = 4.0;
				TARGETED_DEVICE_FAMILY = "1,2";
			};
			name = Release;
		};
		3D7FDEF4202A34DE005537F4 /* Debug */ = {
			isa = XCBuildConfiguration;
			buildSettings = {
				ALWAYS_EMBED_SWIFT_STANDARD_LIBRARIES = YES;
				BUNDLE_LOADER = "$(TEST_HOST)";
				CODE_SIGN_STYLE = Automatic;
				INFOPLIST_FILE = TriHealthTests/Info.plist;
				LD_RUNPATH_SEARCH_PATHS = "$(inherited) @executable_path/Frameworks @loader_path/Frameworks";
				PRODUCT_BUNDLE_IDENTIFIER = lakeisdeCS.TriHealthTests;
				PRODUCT_NAME = "$(TARGET_NAME)";
				SWIFT_VERSION = 4.0;
				TARGETED_DEVICE_FAMILY = "1,2";
				TEST_HOST = "$(BUILT_PRODUCTS_DIR)/TriHealth.app/TriHealth";
			};
			name = Debug;
		};
		3D7FDEF5202A34DE005537F4 /* Release */ = {
			isa = XCBuildConfiguration;
			buildSettings = {
				ALWAYS_EMBED_SWIFT_STANDARD_LIBRARIES = YES;
				BUNDLE_LOADER = "$(TEST_HOST)";
				CODE_SIGN_STYLE = Automatic;
				INFOPLIST_FILE = TriHealthTests/Info.plist;
				LD_RUNPATH_SEARCH_PATHS = "$(inherited) @executable_path/Frameworks @loader_path/Frameworks";
				PRODUCT_BUNDLE_IDENTIFIER = lakeisdeCS.TriHealthTests;
				PRODUCT_NAME = "$(TARGET_NAME)";
				SWIFT_VERSION = 4.0;
				TARGETED_DEVICE_FAMILY = "1,2";
				TEST_HOST = "$(BUILT_PRODUCTS_DIR)/TriHealth.app/TriHealth";
			};
			name = Release;
		};
		3D7FDEF7202A34DE005537F4 /* Debug */ = {
			isa = XCBuildConfiguration;
			buildSettings = {
				ALWAYS_EMBED_SWIFT_STANDARD_LIBRARIES = YES;
				CODE_SIGN_STYLE = Automatic;
				INFOPLIST_FILE = TriHealthUITests/Info.plist;
				LD_RUNPATH_SEARCH_PATHS = "$(inherited) @executable_path/Frameworks @loader_path/Frameworks";
				PRODUCT_BUNDLE_IDENTIFIER = lakeisdeCS.TriHealthUITests;
				PRODUCT_NAME = "$(TARGET_NAME)";
				SWIFT_VERSION = 4.0;
				TARGETED_DEVICE_FAMILY = "1,2";
				TEST_TARGET_NAME = TriHealth;
			};
			name = Debug;
		};
		3D7FDEF8202A34DE005537F4 /* Release */ = {
			isa = XCBuildConfiguration;
			buildSettings = {
				ALWAYS_EMBED_SWIFT_STANDARD_LIBRARIES = YES;
				CODE_SIGN_STYLE = Automatic;
				INFOPLIST_FILE = TriHealthUITests/Info.plist;
				LD_RUNPATH_SEARCH_PATHS = "$(inherited) @executable_path/Frameworks @loader_path/Frameworks";
				PRODUCT_BUNDLE_IDENTIFIER = lakeisdeCS.TriHealthUITests;
				PRODUCT_NAME = "$(TARGET_NAME)";
				SWIFT_VERSION = 4.0;
				TARGETED_DEVICE_FAMILY = "1,2";
				TEST_TARGET_NAME = TriHealth;
			};
			name = Release;
		};
/* End XCBuildConfiguration section */

/* Begin XCConfigurationList section */
		3D7FDEC3202A34DD005537F4 /* Build configuration list for PBXProject "TriHealth" */ = {
			isa = XCConfigurationList;
			buildConfigurations = (
				3D7FDEEE202A34DE005537F4 /* Debug */,
				3D7FDEEF202A34DE005537F4 /* Release */,
			);
			defaultConfigurationIsVisible = 0;
			defaultConfigurationName = Release;
		};
		3D7FDEF0202A34DE005537F4 /* Build configuration list for PBXNativeTarget "TriHealth" */ = {
			isa = XCConfigurationList;
			buildConfigurations = (
				3D7FDEF1202A34DE005537F4 /* Debug */,
				3D7FDEF2202A34DE005537F4 /* Release */,
			);
			defaultConfigurationIsVisible = 0;
			defaultConfigurationName = Release;
		};
		3D7FDEF3202A34DE005537F4 /* Build configuration list for PBXNativeTarget "TriHealthTests" */ = {
			isa = XCConfigurationList;
			buildConfigurations = (
				3D7FDEF4202A34DE005537F4 /* Debug */,
				3D7FDEF5202A34DE005537F4 /* Release */,
			);
			defaultConfigurationIsVisible = 0;
			defaultConfigurationName = Release;
		};
		3D7FDEF6202A34DE005537F4 /* Build configuration list for PBXNativeTarget "TriHealthUITests" */ = {
			isa = XCConfigurationList;
			buildConfigurations = (
				3D7FDEF7202A34DE005537F4 /* Debug */,
				3D7FDEF8202A34DE005537F4 /* Release */,
			);
			defaultConfigurationIsVisible = 0;
			defaultConfigurationName = Release;
		};
/* End XCConfigurationList section */
	};
	rootObject = 3D7FDEC0202A34DD005537F4 /* Project object */;
}
